// !$*UTF8*$!
{
	archiveVersion = 1;
	classes = {
	};
	objectVersion = 77;
	objects = {

/* Begin PBXBuildFile section */
		182A3C0E2E03BC3500E64A38 /* .gitignore in Resources */ = {isa = PBXBuildFile; fileRef = 182A3C0D2E03BC3100E64A38 /* .gitignore */; };
		182A3C122E03C14100E64A38 /* Configuration.swift in Sources */ = {isa = PBXBuildFile; fileRef = 182A3C112E03C13F00E64A38 /* Configuration.swift */; };
		1873C89B2E56040100E2B438 /* Supabase in Frameworks */ = {isa = PBXBuildFile; productRef = 1873C89A2E56040100E2B438 /* Supabase */; };
		1873C8A12E568C2000E2B438 /* App Icon.icon in Resources */ = {isa = PBXBuildFile; fileRef = 1873C8A02E568C2000E2B438 /* App Icon.icon */; };
		1873C8A22E568C2000E2B438 /* App Icon.icon in Resources */ = {isa = PBXBuildFile; fileRef = 1873C8A02E568C2000E2B438 /* App Icon.icon */; };
		1873C8A32E568C2000E2B438 /* App Icon.icon in Resources */ = {isa = PBXBuildFile; fileRef = 1873C8A02E568C2000E2B438 /* App Icon.icon */; };
/* End PBXBuildFile section */

/* Begin PBXContainerItemProxy section */
		184037062DD9F82F009D7FBA /* PBXContainerItemProxy */ = {
			isa = PBXContainerItemProxy;
			containerPortal = 184036EE2DD9F82D009D7FBA /* Project object */;
			proxyType = 1;
			remoteGlobalIDString = 184036F52DD9F82D009D7FBA;
			remoteInfo = MetroParking;
		};
		184037102DD9F82F009D7FBA /* PBXContainerItemProxy */ = {
			isa = PBXContainerItemProxy;
			containerPortal = 184036EE2DD9F82D009D7FBA /* Project object */;
			proxyType = 1;
			remoteGlobalIDString = 184036F52DD9F82D009D7FBA;
			remoteInfo = MetroParking;
		};
/* End PBXContainerItemProxy section */

/* Begin PBXFileReference section */
		181A64BC2E0FA50600F6BBAC /* App Icon.icon */ = {isa = PBXFileReference; lastKnownFileType = folder.iconcomposer.icon; path = "App Icon.icon"; sourceTree = "<group>"; };
		182A3C0D2E03BC3100E64A38 /* .gitignore */ = {isa = PBXFileReference; lastKnownFileType = text; path = .gitignore; sourceTree = "<group>"; };
		182A3C112E03C13F00E64A38 /* Configuration.swift */ = {isa = PBXFileReference; lastKnownFileType = sourcecode.swift; path = Configuration.swift; sourceTree = "<group>"; };
		182A3C282E0833FF00E64A38 /* CoreLocation.framework */ = {isa = PBXFileReference; lastKnownFileType = wrapper.framework; name = CoreLocation.framework; path = System/Library/Frameworks/CoreLocation.framework; sourceTree = SDKROOT; };
		182A3CC82E0EC2E300E64A38 /* MapKit.framework */ = {isa = PBXFileReference; lastKnownFileType = wrapper.framework; name = MapKit.framework; path = System/Library/Frameworks/MapKit.framework; sourceTree = SDKROOT; };
		184036F62DD9F82D009D7FBA /* MetroParking.app */ = {isa = PBXFileReference; explicitFileType = wrapper.application; includeInIndex = 0; path = MetroParking.app; sourceTree = BUILT_PRODUCTS_DIR; };
		184037052DD9F82F009D7FBA /* MetroParkingTests.xctest */ = {isa = PBXFileReference; explicitFileType = wrapper.cfbundle; includeInIndex = 0; path = MetroParkingTests.xctest; sourceTree = BUILT_PRODUCTS_DIR; };
		1840370F2DD9F82F009D7FBA /* MetroParkingUITests.xctest */ = {isa = PBXFileReference; explicitFileType = wrapper.cfbundle; includeInIndex = 0; path = MetroParkingUITests.xctest; sourceTree = BUILT_PRODUCTS_DIR; };
		1873C8A02E568C2000E2B438 /* App Icon.icon */ = {isa = PBXFileReference; lastKnownFileType = folder.iconcomposer.icon; path = "App Icon.icon"; sourceTree = "<group>"; };
		1873C8A92E56ACE400E2B438 /* Config.xcconfig */ = {isa = PBXFileReference; lastKnownFileType = text.xcconfig; path = Config.xcconfig; sourceTree = "<group>"; };
		378A5FD72E0EE04F006FEBA6 /* MetroParking.icon */ = {isa = PBXFileReference; lastKnownFileType = folder.iconcomposer.icon; name = MetroParking.icon; path = Icon/MetroParking.icon; sourceTree = "<group>"; };
/* End PBXFileReference section */

/* Begin PBXFileSystemSynchronizedBuildFileExceptionSet section */
		1873C8B52E57FC0F00E2B438 /* Exceptions for "MetroParking" folder in "MetroParking" target */ = {
			isa = PBXFileSystemSynchronizedBuildFileExceptionSet;
			membershipExceptions = (
				Info.plist,
			);
			target = 184036F52DD9F82D009D7FBA /* MetroParking */;
		};
/* End PBXFileSystemSynchronizedBuildFileExceptionSet section */

/* Begin PBXFileSystemSynchronizedRootGroup section */
		182A3C822E0CAE5500E64A38 /* MetroParking */ = {
			isa = PBXFileSystemSynchronizedRootGroup;
			exceptions = (
				1873C8B52E57FC0F00E2B438 /* Exceptions for "MetroParking" folder in "MetroParking" target */,
			);
			path = MetroParking;
			sourceTree = "<group>";
		};
		184037082DD9F82F009D7FBA /* MetroParkingTests */ = {
			isa = PBXFileSystemSynchronizedRootGroup;
			path = MetroParkingTests;
			sourceTree = "<group>";
		};
		184037122DD9F82F009D7FBA /* MetroParkingUITests */ = {
			isa = PBXFileSystemSynchronizedRootGroup;
			path = MetroParkingUITests;
			sourceTree = "<group>";
		};
/* End PBXFileSystemSynchronizedRootGroup section */

/* Begin PBXFrameworksBuildPhase section */
		184036F32DD9F82D009D7FBA /* Frameworks */ = {
			isa = PBXFrameworksBuildPhase;
			buildActionMask = 2147483647;
			files = (
				1873C89B2E56040100E2B438 /* Supabase in Frameworks */,
			);
			runOnlyForDeploymentPostprocessing = 0;
		};
		184037022DD9F82F009D7FBA /* Frameworks */ = {
			isa = PBXFrameworksBuildPhase;
			buildActionMask = 2147483647;
			files = (
			);
			runOnlyForDeploymentPostprocessing = 0;
		};
		1840370C2DD9F82F009D7FBA /* Frameworks */ = {
			isa = PBXFrameworksBuildPhase;
			buildActionMask = 2147483647;
			files = (
			);
			runOnlyForDeploymentPostprocessing = 0;
		};
/* End PBXFrameworksBuildPhase section */

/* Begin PBXGroup section */
		182A3C272E0833FE00E64A38 /* Frameworks */ = {
			isa = PBXGroup;
			children = (
				378A5FD72E0EE04F006FEBA6 /* MetroParking.icon */,
				182A3CC82E0EC2E300E64A38 /* MapKit.framework */,
				182A3C282E0833FF00E64A38 /* CoreLocation.framework */,
			);
			name = Frameworks;
			sourceTree = "<group>";
		};
		184036ED2DD9F82D009D7FBA = {
			isa = PBXGroup;
			children = (
				1873C8A92E56ACE400E2B438 /* Config.xcconfig */,
				182A3C822E0CAE5500E64A38 /* MetroParking */,
				182A3C112E03C13F00E64A38 /* Configuration.swift */,
				182A3C0D2E03BC3100E64A38 /* .gitignore */,
				184037082DD9F82F009D7FBA /* MetroParkingTests */,
				184037122DD9F82F009D7FBA /* MetroParkingUITests */,
				182A3C272E0833FE00E64A38 /* Frameworks */,
				184036F72DD9F82D009D7FBA /* Products */,
				181A64BC2E0FA50600F6BBAC /* App Icon.icon */,
				1873C8A02E568C2000E2B438 /* App Icon.icon */,
			);
			sourceTree = "<group>";
		};
		184036F72DD9F82D009D7FBA /* Products */ = {
			isa = PBXGroup;
			children = (
				184036F62DD9F82D009D7FBA /* MetroParking.app */,
				184037052DD9F82F009D7FBA /* MetroParkingTests.xctest */,
				1840370F2DD9F82F009D7FBA /* MetroParkingUITests.xctest */,
			);
			name = Products;
			sourceTree = "<group>";
		};
/* End PBXGroup section */

/* Begin PBXNativeTarget section */
		184036F52DD9F82D009D7FBA /* MetroParking */ = {
			isa = PBXNativeTarget;
			buildConfigurationList = 184037192DD9F82F009D7FBA /* Build configuration list for PBXNativeTarget "MetroParking" */;
			buildPhases = (
				184036F22DD9F82D009D7FBA /* Sources */,
				184036F32DD9F82D009D7FBA /* Frameworks */,
				184036F42DD9F82D009D7FBA /* Resources */,
			);
			buildRules = (
			);
			dependencies = (
			);
			fileSystemSynchronizedGroups = (
				182A3C822E0CAE5500E64A38 /* MetroParking */,
			);
			name = MetroParking;
			packageProductDependencies = (
				1873C89A2E56040100E2B438 /* Supabase */,
			);
			productName = MetroParking;
			productReference = 184036F62DD9F82D009D7FBA /* MetroParking.app */;
			productType = "com.apple.product-type.application";
		};
		184037042DD9F82F009D7FBA /* MetroParkingTests */ = {
			isa = PBXNativeTarget;
			buildConfigurationList = 1840371C2DD9F82F009D7FBA /* Build configuration list for PBXNativeTarget "MetroParkingTests" */;
			buildPhases = (
				184037012DD9F82F009D7FBA /* Sources */,
				184037022DD9F82F009D7FBA /* Frameworks */,
				184037032DD9F82F009D7FBA /* Resources */,
			);
			buildRules = (
			);
			dependencies = (
				184037072DD9F82F009D7FBA /* PBXTargetDependency */,
			);
			fileSystemSynchronizedGroups = (
				184037082DD9F82F009D7FBA /* MetroParkingTests */,
			);
			name = MetroParkingTests;
			packageProductDependencies = (
			);
			productName = MetroParkingTests;
			productReference = 184037052DD9F82F009D7FBA /* MetroParkingTests.xctest */;
			productType = "com.apple.product-type.bundle.unit-test";
		};
		1840370E2DD9F82F009D7FBA /* MetroParkingUITests */ = {
			isa = PBXNativeTarget;
			buildConfigurationList = 1840371F2DD9F82F009D7FBA /* Build configuration list for PBXNativeTarget "MetroParkingUITests" */;
			buildPhases = (
				1840370B2DD9F82F009D7FBA /* Sources */,
				1840370C2DD9F82F009D7FBA /* Frameworks */,
				1840370D2DD9F82F009D7FBA /* Resources */,
			);
			buildRules = (
			);
			dependencies = (
				184037112DD9F82F009D7FBA /* PBXTargetDependency */,
			);
			fileSystemSynchronizedGroups = (
				184037122DD9F82F009D7FBA /* MetroParkingUITests */,
			);
			name = MetroParkingUITests;
			packageProductDependencies = (
			);
			productName = MetroParkingUITests;
			productReference = 1840370F2DD9F82F009D7FBA /* MetroParkingUITests.xctest */;
			productType = "com.apple.product-type.bundle.ui-testing";
		};
/* End PBXNativeTarget section */

/* Begin PBXProject section */
		184036EE2DD9F82D009D7FBA /* Project object */ = {
			isa = PBXProject;
			attributes = {
				BuildIndependentTargetsInParallel = 1;
				LastSwiftUpdateCheck = 1630;
				LastUpgradeCheck = 2600;
				TargetAttributes = {
					184036F52DD9F82D009D7FBA = {
						CreatedOnToolsVersion = 16.3;
					};
					184037042DD9F82F009D7FBA = {
						CreatedOnToolsVersion = 16.3;
						TestTargetID = 184036F52DD9F82D009D7FBA;
					};
					1840370E2DD9F82F009D7FBA = {
						CreatedOnToolsVersion = 16.3;
						TestTargetID = 184036F52DD9F82D009D7FBA;
					};
				};
			};
			buildConfigurationList = 184036F12DD9F82D009D7FBA /* Build configuration list for PBXProject "MetroParking" */;
			developmentRegion = en;
			hasScannedForEncodings = 0;
			knownRegions = (
				en,
				Base,
			);
			mainGroup = 184036ED2DD9F82D009D7FBA;
			minimizedProjectReferenceProxies = 1;
			packageReferences = (
				1873C8992E5603F600E2B438 /* XCRemoteSwiftPackageReference "supabase-swift" */,
			);
			preferredProjectObjectVersion = 77;
			productRefGroup = 184036F72DD9F82D009D7FBA /* Products */;
			projectDirPath = "";
			projectRoot = "";
			targets = (
				184036F52DD9F82D009D7FBA /* MetroParking */,
				184037042DD9F82F009D7FBA /* MetroParkingTests */,
				1840370E2DD9F82F009D7FBA /* MetroParkingUITests */,
			);
		};
/* End PBXProject section */

/* Begin PBXResourcesBuildPhase section */
		184036F42DD9F82D009D7FBA /* Resources */ = {
			isa = PBXResourcesBuildPhase;
			buildActionMask = 2147483647;
			files = (
				1873C8A32E568C2000E2B438 /* App Icon.icon in Resources */,
				182A3C0E2E03BC3500E64A38 /* .gitignore in Resources */,
			);
			runOnlyForDeploymentPostprocessing = 0;
		};
		184037032DD9F82F009D7FBA /* Resources */ = {
			isa = PBXResourcesBuildPhase;
			buildActionMask = 2147483647;
			files = (
				1873C8A12E568C2000E2B438 /* App Icon.icon in Resources */,
			);
			runOnlyForDeploymentPostprocessing = 0;
		};
		1840370D2DD9F82F009D7FBA /* Resources */ = {
			isa = PBXResourcesBuildPhase;
			buildActionMask = 2147483647;
			files = (
				1873C8A22E568C2000E2B438 /* App Icon.icon in Resources */,
			);
			runOnlyForDeploymentPostprocessing = 0;
		};
/* End PBXResourcesBuildPhase section */

/* Begin PBXSourcesBuildPhase section */
		184036F22DD9F82D009D7FBA /* Sources */ = {
			isa = PBXSourcesBuildPhase;
			buildActionMask = 2147483647;
			files = (
				182A3C122E03C14100E64A38 /* Configuration.swift in Sources */,
			);
			runOnlyForDeploymentPostprocessing = 0;
		};
		184037012DD9F82F009D7FBA /* Sources */ = {
			isa = PBXSourcesBuildPhase;
			buildActionMask = 2147483647;
			files = (
			);
			runOnlyForDeploymentPostprocessing = 0;
		};
		1840370B2DD9F82F009D7FBA /* Sources */ = {
			isa = PBXSourcesBuildPhase;
			buildActionMask = 2147483647;
			files = (
			);
			runOnlyForDeploymentPostprocessing = 0;
		};
/* End PBXSourcesBuildPhase section */

/* Begin PBXTargetDependency section */
		184037072DD9F82F009D7FBA /* PBXTargetDependency */ = {
			isa = PBXTargetDependency;
			target = 184036F52DD9F82D009D7FBA /* MetroParking */;
			targetProxy = 184037062DD9F82F009D7FBA /* PBXContainerItemProxy */;
		};
		184037112DD9F82F009D7FBA /* PBXTargetDependency */ = {
			isa = PBXTargetDependency;
			target = 184036F52DD9F82D009D7FBA /* MetroParking */;
			targetProxy = 184037102DD9F82F009D7FBA /* PBXContainerItemProxy */;
		};
/* End PBXTargetDependency section */

/* Begin XCBuildConfiguration section */
		184037172DD9F82F009D7FBA /* Debug */ = {
			isa = XCBuildConfiguration;
			baseConfigurationReference = 1873C8A92E56ACE400E2B438 /* Config.xcconfig */;
			buildSettings = {
				ALWAYS_SEARCH_USER_PATHS = NO;
				ASSETCATALOG_COMPILER_GENERATE_SWIFT_ASSET_SYMBOL_EXTENSIONS = YES;
				CAR_PARK_API_BASE_URL = "https://api.transport.nsw.gov.au/v1";
				CLANG_ANALYZER_NONNULL = YES;
				CLANG_ANALYZER_NUMBER_OBJECT_CONVERSION = YES_AGGRESSIVE;
				CLANG_CXX_LANGUAGE_STANDARD = "gnu++20";
				CLANG_ENABLE_MODULES = YES;
				CLANG_ENABLE_OBJC_ARC = YES;
				CLANG_ENABLE_OBJC_WEAK = YES;
				CLANG_WARN_BLOCK_CAPTURE_AUTORELEASING = YES;
				CLANG_WARN_BOOL_CONVERSION = YES;
				CLANG_WARN_COMMA = YES;
				CLANG_WARN_CONSTANT_CONVERSION = YES;
				CLANG_WARN_DEPRECATED_OBJC_IMPLEMENTATIONS = YES;
				CLANG_WARN_DIRECT_OBJC_ISA_USAGE = YES_ERROR;
				CLANG_WARN_DOCUMENTATION_COMMENTS = YES;
				CLANG_WARN_EMPTY_BODY = YES;
				CLANG_WARN_ENUM_CONVERSION = YES;
				CLANG_WARN_INFINITE_RECURSION = YES;
				CLANG_WARN_INT_CONVERSION = YES;
				CLANG_WARN_NON_LITERAL_NULL_CONVERSION = YES;
				CLANG_WARN_OBJC_IMPLICIT_RETAIN_SELF = YES;
				CLANG_WARN_OBJC_LITERAL_CONVERSION = YES;
				CLANG_WARN_OBJC_ROOT_CLASS = YES_ERROR;
				CLANG_WARN_QUOTED_INCLUDE_IN_FRAMEWORK_HEADER = YES;
				CLANG_WARN_RANGE_LOOP_ANALYSIS = YES;
				CLANG_WARN_STRICT_PROTOTYPES = YES;
				CLANG_WARN_SUSPICIOUS_MOVE = YES;
				CLANG_WARN_UNGUARDED_AVAILABILITY = YES_AGGRESSIVE;
				CLANG_WARN_UNREACHABLE_CODE = YES;
				CLANG_WARN__DUPLICATE_METHOD_MATCH = YES;
				COPY_PHASE_STRIP = NO;
				DEBUG_INFORMATION_FORMAT = dwarf;
				DEVELOPMENT_TEAM = $(DEVELOPMENT_TEAM);
				ENABLE_STRICT_OBJC_MSGSEND = YES;
				ENABLE_TESTABILITY = YES;
				ENABLE_USER_SCRIPT_SANDBOXING = YES;
				GCC_C_LANGUAGE_STANDARD = gnu17;
				GCC_DYNAMIC_NO_PIC = NO;
				GCC_NO_COMMON_BLOCKS = YES;
				GCC_OPTIMIZATION_LEVEL = 0;
				GCC_PREPROCESSOR_DEFINITIONS = (
					"DEBUG=1",
					"$(inherited)",
				);
				GCC_WARN_64_TO_32_BIT_CONVERSION = YES;
				GCC_WARN_ABOUT_RETURN_TYPE = YES_ERROR;
				GCC_WARN_UNDECLARED_SELECTOR = YES;
				GCC_WARN_UNINITIALIZED_AUTOS = YES_AGGRESSIVE;
				GCC_WARN_UNUSED_FUNCTION = YES;
				GCC_WARN_UNUSED_VARIABLE = YES;
				INFOPLIST_KEY_NSLocationAlwaysUsageDescription = "";
				INFOPLIST_KEY_WKExtensionDelegateClassName = "";
				IPHONEOS_DEPLOYMENT_TARGET = 18.6;
				LOCALIZATION_PREFERS_STRING_CATALOGS = YES;
				MTL_ENABLE_DEBUG_INFO = INCLUDE_SOURCE;
				MTL_FAST_MATH = YES;
				ONLY_ACTIVE_ARCH = YES;
				SDKROOT = iphoneos;
				STRING_CATALOG_GENERATE_SYMBOLS = YES;
				SWIFT_ACTIVE_COMPILATION_CONDITIONS = "DEBUG $(inherited)";
				SWIFT_OPTIMIZATION_LEVEL = "-Onone";
				TFNSW_API_KEY = "$(TFNSW_API_KEY)";
			};
			name = Debug;
		};
		184037182DD9F82F009D7FBA /* Release */ = {
			isa = XCBuildConfiguration;
			baseConfigurationReference = 1873C8A92E56ACE400E2B438 /* Config.xcconfig */;
			buildSettings = {
				ALWAYS_SEARCH_USER_PATHS = NO;
				ASSETCATALOG_COMPILER_GENERATE_SWIFT_ASSET_SYMBOL_EXTENSIONS = YES;
				CAR_PARK_API_BASE_URL = "https://api.transport.nsw.gov.au/v1";
				CLANG_ANALYZER_NONNULL = YES;
				CLANG_ANALYZER_NUMBER_OBJECT_CONVERSION = YES_AGGRESSIVE;
				CLANG_CXX_LANGUAGE_STANDARD = "gnu++20";
				CLANG_ENABLE_MODULES = YES;
				CLANG_ENABLE_OBJC_ARC = YES;
				CLANG_ENABLE_OBJC_WEAK = YES;
				CLANG_WARN_BLOCK_CAPTURE_AUTORELEASING = YES;
				CLANG_WARN_BOOL_CONVERSION = YES;
				CLANG_WARN_COMMA = YES;
				CLANG_WARN_CONSTANT_CONVERSION = YES;
				CLANG_WARN_DEPRECATED_OBJC_IMPLEMENTATIONS = YES;
				CLANG_WARN_DIRECT_OBJC_ISA_USAGE = YES_ERROR;
				CLANG_WARN_DOCUMENTATION_COMMENTS = YES;
				CLANG_WARN_EMPTY_BODY = YES;
				CLANG_WARN_ENUM_CONVERSION = YES;
				CLANG_WARN_INFINITE_RECURSION = YES;
				CLANG_WARN_INT_CONVERSION = YES;
				CLANG_WARN_NON_LITERAL_NULL_CONVERSION = YES;
				CLANG_WARN_OBJC_IMPLICIT_RETAIN_SELF = YES;
				CLANG_WARN_OBJC_LITERAL_CONVERSION = YES;
				CLANG_WARN_OBJC_ROOT_CLASS = YES_ERROR;
				CLANG_WARN_QUOTED_INCLUDE_IN_FRAMEWORK_HEADER = YES;
				CLANG_WARN_RANGE_LOOP_ANALYSIS = YES;
				CLANG_WARN_STRICT_PROTOTYPES = YES;
				CLANG_WARN_SUSPICIOUS_MOVE = YES;
				CLANG_WARN_UNGUARDED_AVAILABILITY = YES_AGGRESSIVE;
				CLANG_WARN_UNREACHABLE_CODE = YES;
				CLANG_WARN__DUPLICATE_METHOD_MATCH = YES;
				COPY_PHASE_STRIP = NO;
				DEBUG_INFORMATION_FORMAT = "dwarf-with-dsym";
				DEVELOPMENT_TEAM = "$(DEVELOPMENT_TEAM)";
				ENABLE_NS_ASSERTIONS = NO;
				ENABLE_STRICT_OBJC_MSGSEND = YES;
				ENABLE_TESTABILITY = YES;
				ENABLE_USER_SCRIPT_SANDBOXING = YES;
				GCC_C_LANGUAGE_STANDARD = gnu17;
				GCC_NO_COMMON_BLOCKS = YES;
				GCC_WARN_64_TO_32_BIT_CONVERSION = YES;
				GCC_WARN_ABOUT_RETURN_TYPE = YES_ERROR;
				GCC_WARN_UNDECLARED_SELECTOR = YES;
				GCC_WARN_UNINITIALIZED_AUTOS = YES_AGGRESSIVE;
				GCC_WARN_UNUSED_FUNCTION = YES;
				GCC_WARN_UNUSED_VARIABLE = YES;
				INFOPLIST_KEY_NSLocationAlwaysUsageDescription = "";
				INFOPLIST_KEY_WKExtensionDelegateClassName = "";
				IPHONEOS_DEPLOYMENT_TARGET = 18.6;
				LOCALIZATION_PREFERS_STRING_CATALOGS = YES;
				MTL_ENABLE_DEBUG_INFO = NO;
				MTL_FAST_MATH = YES;
				SDKROOT = iphoneos;
				STRING_CATALOG_GENERATE_SYMBOLS = YES;
				SWIFT_COMPILATION_MODE = wholemodule;
				TFNSW_API_KEY = "$(TFNSW_API_KEY)";
				VALIDATE_PRODUCT = YES;
			};
			name = Release;
		};
		1840371A2DD9F82F009D7FBA /* Debug */ = {
			isa = XCBuildConfiguration;
			buildSettings = {
				ASSETCATALOG_COMPILER_APPICON_NAME = "App Icon";
				ASSETCATALOG_COMPILER_GLOBAL_ACCENT_COLOR_NAME = AccentColor;
				ASSETCATALOG_COMPILER_INCLUDE_ALL_APPICON_ASSETS = YES;
				CODE_SIGN_ENTITLEMENTS = MetroParking/MetroParking.entitlements;
				CODE_SIGN_STYLE = Automatic;
				CURRENT_PROJECT_VERSION = 1;
				DEVELOPMENT_TEAM = "$(DEVELOPMENT_TEAM)";
				ENABLE_PREVIEWS = YES;
				GENERATE_INFOPLIST_FILE = YES;
				INFOPLIST_FILE = MetroParking/Info.plist;
				INFOPLIST_KEY_CFBundleDisplayName = "Metro Parking";
				INFOPLIST_KEY_LSApplicationCategoryType = "public.app-category.travel";
				INFOPLIST_KEY_LSSupportsOpeningDocumentsInPlace = NO;
				INFOPLIST_KEY_NSLocationAlwaysAndWhenInUseUsageDescription = "We use your location in the background to send you relevant parking information.";
				INFOPLIST_KEY_NSLocationAlwaysUsageDescription = "We use your location in the background to send you relevant parking information.";
				INFOPLIST_KEY_NSLocationWhenInUseUsageDescription = "We use your location to show nearby parking and provide location-based information.";
				INFOPLIST_KEY_UIApplicationSceneManifest_Generation = YES;
				INFOPLIST_KEY_UIApplicationSupportsIndirectInputEvents = YES;
				INFOPLIST_KEY_UILaunchScreen_Generation = YES;
				INFOPLIST_KEY_UISupportedInterfaceOrientations = UIInterfaceOrientationPortrait;
				INFOPLIST_KEY_UISupportedInterfaceOrientations_iPad = "UIInterfaceOrientationLandscapeLeft UIInterfaceOrientationLandscapeRight UIInterfaceOrientationPortrait UIInterfaceOrientationPortraitUpsideDown";
				INFOPLIST_KEY_WKExtensionDelegateClassName = "";
				IPHONEOS_DEPLOYMENT_TARGET = 18.0;
				LD_RUNPATH_SEARCH_PATHS = (
					"$(inherited)",
					"@executable_path/Frameworks",
				);
				MARKETING_VERSION = 1.0;
				PRODUCT_BUNDLE_IDENTIFIER = com.tomkwok.MetroParking;
				PRODUCT_NAME = "$(TARGET_NAME)";
				SUPPORTED_PLATFORMS = "iphoneos iphonesimulator";
				SUPPORTS_MACCATALYST = NO;
				SWIFT_EMIT_LOC_STRINGS = YES;
				SWIFT_VERSION = 5.0;
				TARGETED_DEVICE_FAMILY = "1,2";
			};
			name = Debug;
		};
		1840371B2DD9F82F009D7FBA /* Release */ = {
			isa = XCBuildConfiguration;
			buildSettings = {
				ASSETCATALOG_COMPILER_APPICON_NAME = "App Icon";
				ASSETCATALOG_COMPILER_GLOBAL_ACCENT_COLOR_NAME = AccentColor;
				ASSETCATALOG_COMPILER_INCLUDE_ALL_APPICON_ASSETS = YES;
				CODE_SIGN_ENTITLEMENTS = MetroParking/MetroParking.entitlements;
				CODE_SIGN_STYLE = Automatic;
				CURRENT_PROJECT_VERSION = 1;
				DEVELOPMENT_TEAM = "$(DEVELOPMENT_TEAM)";
				ENABLE_PREVIEWS = YES;
				GENERATE_INFOPLIST_FILE = YES;
				INFOPLIST_FILE = MetroParking/Info.plist;
				INFOPLIST_KEY_CFBundleDisplayName = "Metro Parking";
				INFOPLIST_KEY_LSApplicationCategoryType = "public.app-category.travel";
				INFOPLIST_KEY_LSSupportsOpeningDocumentsInPlace = NO;
				INFOPLIST_KEY_NSLocationAlwaysAndWhenInUseUsageDescription = "We use your location in the background to send you relevant parking information.";
				INFOPLIST_KEY_NSLocationAlwaysUsageDescription = "We use your location in the background to send you relevant parking information.";
				INFOPLIST_KEY_NSLocationWhenInUseUsageDescription = "We use your location to show nearby parking and provide location-based information.";
				INFOPLIST_KEY_UIApplicationSceneManifest_Generation = YES;
				INFOPLIST_KEY_UIApplicationSupportsIndirectInputEvents = YES;
				INFOPLIST_KEY_UILaunchScreen_Generation = YES;
				INFOPLIST_KEY_UISupportedInterfaceOrientations = UIInterfaceOrientationPortrait;
				INFOPLIST_KEY_UISupportedInterfaceOrientations_iPad = "UIInterfaceOrientationLandscapeLeft UIInterfaceOrientationLandscapeRight UIInterfaceOrientationPortrait UIInterfaceOrientationPortraitUpsideDown";
				INFOPLIST_KEY_WKExtensionDelegateClassName = "";
				IPHONEOS_DEPLOYMENT_TARGET = 18.0;
				LD_RUNPATH_SEARCH_PATHS = (
					"$(inherited)",
					"@executable_path/Frameworks",
				);
				MARKETING_VERSION = 1.0;
				PRODUCT_BUNDLE_IDENTIFIER = com.tomkwok.MetroParking;
				PRODUCT_NAME = "$(TARGET_NAME)";
				SUPPORTED_PLATFORMS = "iphoneos iphonesimulator";
				SUPPORTS_MACCATALYST = NO;
				SWIFT_EMIT_LOC_STRINGS = YES;
				SWIFT_VERSION = 5.0;
				TARGETED_DEVICE_FAMILY = "1,2";
			};
			name = Release;
		};
		1840371D2DD9F82F009D7FBA /* Debug */ = {
			isa = XCBuildConfiguration;
			buildSettings = {
				BUNDLE_LOADER = "$(TEST_HOST)";
				CODE_SIGN_STYLE = Automatic;
				CURRENT_PROJECT_VERSION = 1;
				DEVELOPMENT_TEAM = "$(DEVELOPMENT_TEAM)";
				GENERATE_INFOPLIST_FILE = YES;
				IPHONEOS_DEPLOYMENT_TARGET = 18.4;
				MARKETING_VERSION = 1.0;
				PRODUCT_BUNDLE_IDENTIFIER = tomkwok.MetroParkingTests;
				PRODUCT_NAME = "$(TARGET_NAME)";
				SWIFT_EMIT_LOC_STRINGS = NO;
				SWIFT_VERSION = 5.0;
				TARGETED_DEVICE_FAMILY = "1,2";
				TEST_HOST = "$(BUILT_PRODUCTS_DIR)/MetroParking.app/$(BUNDLE_EXECUTABLE_FOLDER_PATH)/MetroParking";
			};
			name = Debug;
		};
		1840371E2DD9F82F009D7FBA /* Release */ = {
			isa = XCBuildConfiguration;
			buildSettings = {
				BUNDLE_LOADER = "$(TEST_HOST)";
				CODE_SIGN_STYLE = Automatic;
				CURRENT_PROJECT_VERSION = 1;
				DEVELOPMENT_TEAM = "$(DEVELOPMENT_TEAM)";
				GENERATE_INFOPLIST_FILE = YES;
				IPHONEOS_DEPLOYMENT_TARGET = 18.4;
				MARKETING_VERSION = 1.0;
				PRODUCT_BUNDLE_IDENTIFIER = tomkwok.MetroParkingTests;
				PRODUCT_NAME = "$(TARGET_NAME)";
				SWIFT_EMIT_LOC_STRINGS = NO;
				SWIFT_VERSION = 5.0;
				TARGETED_DEVICE_FAMILY = "1,2";
				TEST_HOST = "$(BUILT_PRODUCTS_DIR)/MetroParking.app/$(BUNDLE_EXECUTABLE_FOLDER_PATH)/MetroParking";
			};
			name = Release;
		};
		184037202DD9F82F009D7FBA /* Debug */ = {
			isa = XCBuildConfiguration;
			buildSettings = {
				CODE_SIGN_STYLE = Automatic;
				CURRENT_PROJECT_VERSION = 1;
				DEVELOPMENT_TEAM = "$(DEVELOPMENT_TEAM)";
				GENERATE_INFOPLIST_FILE = YES;
				MARKETING_VERSION = 1.0;
				PRODUCT_BUNDLE_IDENTIFIER = tomkwok.MetroParkingUITests;
				PRODUCT_NAME = "$(TARGET_NAME)";
				SWIFT_EMIT_LOC_STRINGS = NO;
				SWIFT_VERSION = 5.0;
				TARGETED_DEVICE_FAMILY = "1,2";
				TEST_TARGET_NAME = MetroParking;
			};
			name = Debug;
		};
		184037212DD9F82F009D7FBA /* Release */ = {
			isa = XCBuildConfiguration;
			buildSettings = {
				CODE_SIGN_STYLE = Automatic;
				CURRENT_PROJECT_VERSION = 1;
				DEVELOPMENT_TEAM = "$(DEVELOPMENT_TEAM)";
				GENERATE_INFOPLIST_FILE = YES;
				MARKETING_VERSION = 1.0;
				PRODUCT_BUNDLE_IDENTIFIER = tomkwok.MetroParkingUITests;
				PRODUCT_NAME = "$(TARGET_NAME)";
				SWIFT_EMIT_LOC_STRINGS = NO;
				SWIFT_VERSION = 5.0;
				TARGETED_DEVICE_FAMILY = "1,2";
				TEST_TARGET_NAME = MetroParking;
			};
			name = Release;
		};
/* End XCBuildConfiguration section */

/* Begin XCConfigurationList section */
		184036F12DD9F82D009D7FBA /* Build configuration list for PBXProject "MetroParking" */ = {
			isa = XCConfigurationList;
			buildConfigurations = (
				184037172DD9F82F009D7FBA /* Debug */,
				184037182DD9F82F009D7FBA /* Release */,
			);
			defaultConfigurationIsVisible = 0;
			defaultConfigurationName = Release;
		};
		184037192DD9F82F009D7FBA /* Build configuration list for PBXNativeTarget "MetroParking" */ = {
			isa = XCConfigurationList;
			buildConfigurations = (
				1840371A2DD9F82F009D7FBA /* Debug */,
				1840371B2DD9F82F009D7FBA /* Release */,
			);
			defaultConfigurationIsVisible = 0;
			defaultConfigurationName = Release;
		};
		1840371C2DD9F82F009D7FBA /* Build configuration list for PBXNativeTarget "MetroParkingTests" */ = {
			isa = XCConfigurationList;
			buildConfigurations = (
				1840371D2DD9F82F009D7FBA /* Debug */,
				1840371E2DD9F82F009D7FBA /* Release */,
			);
			defaultConfigurationIsVisible = 0;
			defaultConfigurationName = Release;
		};
		1840371F2DD9F82F009D7FBA /* Build configuration list for PBXNativeTarget "MetroParkingUITests" */ = {
			isa = XCConfigurationList;
			buildConfigurations = (
				184037202DD9F82F009D7FBA /* Debug */,
				184037212DD9F82F009D7FBA /* Release */,
			);
			defaultConfigurationIsVisible = 0;
			defaultConfigurationName = Release;
		};
/* End XCConfigurationList section */

/* Begin XCRemoteSwiftPackageReference section */
		1873C8992E5603F600E2B438 /* XCRemoteSwiftPackageReference "supabase-swift" */ = {
			isa = XCRemoteSwiftPackageReference;
			repositoryURL = "https://github.com/supabase-community/supabase-swift.git";
			requirement = {
				kind = upToNextMajorVersion;
				minimumVersion = 2.5.1;
			};
		};
/* End XCRemoteSwiftPackageReference section */

/* Begin XCSwiftPackageProductDependency section */
		1873C89A2E56040100E2B438 /* Supabase */ = {
			isa = XCSwiftPackageProductDependency;
			package = 1873C8992E5603F600E2B438 /* XCRemoteSwiftPackageReference "supabase-swift" */;
			productName = Supabase;
		};
/* End XCSwiftPackageProductDependency section */
	};
	rootObject = 184036EE2DD9F82D009D7FBA /* Project object */;
}
