{
  "originHash" : "6aa4f8b3ced81667b619d4637f0b144e85ac78e60759221a9ff7edbca6652c40",
  "pins" : [
    {
      "identity" : "ios-backports",
      "kind" : "remoteSourceControl",
      "location" : "https://github.com/superwall/iOS-Backports",
      "state" : {
        "revision" : "1549293848bd2467dce4be298e0ad6f90af748dc",
        "version" : "1.0.5"
      }
    }
  ],
  "version" : 3
}
